// !$*UTF8*$!
{
	archiveVersion = 1;
	classes = {
	};
	objectVersion = 56;
	objects = {

/* Begin PBXBuildFile section */
		0081E4D2604C73D0F9EC5A4E /* SceneDelegate.swift in Sources */ = {isa = PBXBuildFile; fileRef = 89E951ECAD07A4DD945C4B1D /* SceneDelegate.swift */; };
		07E2D191B9DD86FC3A756D01 /* DetailViewPresenter.swift in Sources */ = {isa = PBXBuildFile; fileRef = 46CD508692512E6B046A6158 /* DetailViewPresenter.swift */; };
		0D068E882346186AD0B734C1 /* StorageService.swift in Sources */ = {isa = PBXBuildFile; fileRef = B3D268D09E375ECFCB3E1F59 /* StorageService.swift */; };
		1F83FBDFF9AEE1B62E11A79F /* WelcomeDto.swift in Sources */ = {isa = PBXBuildFile; fileRef = 397B97FD54528D128158817B /* WelcomeDto.swift */; };
		2C8F36EC4B97BB631D8713FC /* LaunchScreen.storyboard in Resources */ = {isa = PBXBuildFile; fileRef = DE0F2774027C6AA6231CE2FB /* LaunchScreen.storyboard */; };
		312F4CA11936018C1CA36270 /* Assets.xcassets in Resources */ = {isa = PBXBuildFile; fileRef = 2C78837FBE556793192E35B5 /* Assets.xcassets */; };
		335C54F49EF9A12E798ED85A /* AppDelegate.swift in Sources */ = {isa = PBXBuildFile; fileRef = FEA8F4ABAAF0248BCF16E38A /* AppDelegate.swift */; };
		4D3FB653B78D03783E2DFC32 /* CoreData.xcdatamodeld in Sources */ = {isa = PBXBuildFile; fileRef = 01DAAFE73C0FB0F0779701C4 /* CoreData.xcdatamodeld */; };
		52273C742C05EE7700469084 /* MoviesView.swift in Sources */ = {isa = PBXBuildFile; fileRef = 52273C732C05EE7700469084 /* MoviesView.swift */; };
		52273C762C0768C900469084 /* MoviesIteractor.swift in Sources */ = {isa = PBXBuildFile; fileRef = 52273C752C0768C900469084 /* MoviesIteractor.swift */; };
		52273C782C07C84000469084 /* MoviesRouter.swift in Sources */ = {isa = PBXBuildFile; fileRef = 52273C772C07C84000469084 /* MoviesRouter.swift */; };
		52273C7A2C07D2BC00469084 /* DetailView.swift in Sources */ = {isa = PBXBuildFile; fileRef = 52273C792C07D2BC00469084 /* DetailView.swift */; };
		52C583BB2C09E20700979229 /* ShimerModifier.swift in Sources */ = {isa = PBXBuildFile; fileRef = 52C583BA2C09E20700979229 /* ShimerModifier.swift */; };
		52C583C32C0CA08700979229 /* CinemaStarAppTests.swift in Sources */ = {isa = PBXBuildFile; fileRef = 52C583C22C0CA08700979229 /* CinemaStarAppTests.swift */; };
		52C583CC2C0CD0AA00979229 /* DetailRouter.swift in Sources */ = {isa = PBXBuildFile; fileRef = 52C583CB2C0CD0AA00979229 /* DetailRouter.swift */; };
		52C583CE2C0CD0DF00979229 /* DetailIteractor.swift in Sources */ = {isa = PBXBuildFile; fileRef = 52C583CD2C0CD0DF00979229 /* DetailIteractor.swift */; };
		52C583D42C0CD26300979229 /* IteractorTests.swift in Sources */ = {isa = PBXBuildFile; fileRef = 52C583C92C0CA0C900979229 /* IteractorTests.swift */; };
		52C584092C0D034700979229 /* Movies.json in Resources */ = {isa = PBXBuildFile; fileRef = 52C584082C0D034700979229 /* Movies.json */; };
		52C584102C0D09C100979229 /* Actor.swift in Sources */ = {isa = PBXBuildFile; fileRef = 38BE953DA4915FC2B66B33E1 /* Actor.swift */; };
		52C584112C0D09C100979229 /* ActorDto.swift in Sources */ = {isa = PBXBuildFile; fileRef = 9C43320A8A2C5CE4B22C227D /* ActorDto.swift */; };
		52C584122C0D09C100979229 /* MoviesRouter.swift in Sources */ = {isa = PBXBuildFile; fileRef = 52273C772C07C84000469084 /* MoviesRouter.swift */; };
		52C584132C0D09C100979229 /* AppDelegate.swift in Sources */ = {isa = PBXBuildFile; fileRef = FEA8F4ABAAF0248BCF16E38A /* AppDelegate.swift */; };
		52C584142C0D09C100979229 /* CoreData.xcdatamodeld in Sources */ = {isa = PBXBuildFile; fileRef = 01DAAFE73C0FB0F0779701C4 /* CoreData.xcdatamodeld */; };
		52C584152C0D09C100979229 /* DetailMovie.swift in Sources */ = {isa = PBXBuildFile; fileRef = D74FC331C3E27302FECA95C3 /* DetailMovie.swift */; };
		52C584162C0D09C100979229 /* DetailMovieDto.swift in Sources */ = {isa = PBXBuildFile; fileRef = 3242B5BF2FA40C941AA323DE /* DetailMovieDto.swift */; };
		52C584172C0D09C100979229 /* DetailIteractor.swift in Sources */ = {isa = PBXBuildFile; fileRef = 52C583CD2C0CD0DF00979229 /* DetailIteractor.swift */; };
		52C584182C0D09C100979229 /* DetailMoviesData+CoreDataClass.swift in Sources */ = {isa = PBXBuildFile; fileRef = AFF13A9396ECA1E5F0A69901 /* DetailMoviesData+CoreDataClass.swift */; };
		52C584192C0D09C100979229 /* MoviesView.swift in Sources */ = {isa = PBXBuildFile; fileRef = 52273C732C05EE7700469084 /* MoviesView.swift */; };
		52C5841A2C0D09C100979229 /* DetailMoviesData+CoreDataProperties.swift in Sources */ = {isa = PBXBuildFile; fileRef = 5C7DA7413B8A8FA6C6CCE40C /* DetailMoviesData+CoreDataProperties.swift */; };
		52C5841B2C0D09C100979229 /* DetailViewPresenter.swift in Sources */ = {isa = PBXBuildFile; fileRef = 46CD508692512E6B046A6158 /* DetailViewPresenter.swift */; };
		52C5841C2C0D09C100979229 /* DocDto.swift in Sources */ = {isa = PBXBuildFile; fileRef = 282D21AC3953E159471CA33C /* DocDto.swift */; };
		52C5841D2C0D09C100979229 /* IdentifireSaver.swift in Sources */ = {isa = PBXBuildFile; fileRef = DFD8EE45C259B2D9EACBDD45 /* IdentifireSaver.swift */; };
		52C5841E2C0D09C100979229 /* LoadingData.swift in Sources */ = {isa = PBXBuildFile; fileRef = A7ECCD39B19122315087D6BB /* LoadingData.swift */; };
		52C5841F2C0D09C100979229 /* Movie.swift in Sources */ = {isa = PBXBuildFile; fileRef = E90E6BA53DDD960B670239A7 /* Movie.swift */; };
		52C584202C0D09C100979229 /* MoviesData+CoreDataClass.swift in Sources */ = {isa = PBXBuildFile; fileRef = 455F9FDE504E49E4B6064DC9 /* MoviesData+CoreDataClass.swift */; };
		52C584212C0D09C100979229 /* MoviesData+CoreDataProperties.swift in Sources */ = {isa = PBXBuildFile; fileRef = A8F52E3BE64D1A3258CC16F1 /* MoviesData+CoreDataProperties.swift */; };
		52C584222C0D09C100979229 /* MoviesViewPresenter.swift in Sources */ = {isa = PBXBuildFile; fileRef = 8B6FEA90578953DC58FA7D6F /* MoviesViewPresenter.swift */; };
		52C584232C0D09C100979229 /* NetworkService.swift in Sources */ = {isa = PBXBuildFile; fileRef = 5242D8E75CEC82EAB59E02C1 /* NetworkService.swift */; };
		52C584242C0D09C100979229 /* DetailView.swift in Sources */ = {isa = PBXBuildFile; fileRef = 52273C792C07D2BC00469084 /* DetailView.swift */; };
		52C584252C0D09C100979229 /* QuestionResource.swift in Sources */ = {isa = PBXBuildFile; fileRef = EF2A0CB9EE22A943B9E92380 /* QuestionResource.swift */; };
		52C584262C0D09C100979229 /* ShimerModifier.swift in Sources */ = {isa = PBXBuildFile; fileRef = 52C583BA2C09E20700979229 /* ShimerModifier.swift */; };
		52C584272C0D09C100979229 /* MoviesIteractor.swift in Sources */ = {isa = PBXBuildFile; fileRef = 52273C752C0768C900469084 /* MoviesIteractor.swift */; };
		52C584282C0D09C100979229 /* SceneDelegate.swift in Sources */ = {isa = PBXBuildFile; fileRef = 89E951ECAD07A4DD945C4B1D /* SceneDelegate.swift */; };
		52C584292C0D09C100979229 /* ShimmerLayer.swift in Sources */ = {isa = PBXBuildFile; fileRef = 31A7D073A6C7B00F0035F8BC /* ShimmerLayer.swift */; };
		52C5842A2C0D09C100979229 /* SimilarMovie.swift in Sources */ = {isa = PBXBuildFile; fileRef = 6FC84F7DD23BA62261B15183 /* SimilarMovie.swift */; };
		52C5842B2C0D09C100979229 /* SimilarMoviesDto.swift in Sources */ = {isa = PBXBuildFile; fileRef = 973ED37B1354F24C7AC0C976 /* SimilarMoviesDto.swift */; };
		52C5842C2C0D09C100979229 /* StorageService.swift in Sources */ = {isa = PBXBuildFile; fileRef = B3D268D09E375ECFCB3E1F59 /* StorageService.swift */; };
		52C5842D2C0D09C100979229 /* UIColor + Extension.swift in Sources */ = {isa = PBXBuildFile; fileRef = 7A5AE68C6B39F3EB013F101B /* UIColor + Extension.swift */; };
		52C5842E2C0D09C100979229 /* DetailRouter.swift in Sources */ = {isa = PBXBuildFile; fileRef = 52C583CB2C0CD0AA00979229 /* DetailRouter.swift */; };
		52C5842F2C0D09C100979229 /* UIImage + Extension.swift in Sources */ = {isa = PBXBuildFile; fileRef = 7E4F2D167EFECA8319DEC441 /* UIImage + Extension.swift */; };
		52C584302C0D09C100979229 /* WelcomeDto.swift in Sources */ = {isa = PBXBuildFile; fileRef = 397B97FD54528D128158817B /* WelcomeDto.swift */; };
		52C584342C0D09C100979229 /* Assets.xcassets in Resources */ = {isa = PBXBuildFile; fileRef = 2C78837FBE556793192E35B5 /* Assets.xcassets */; };
		52C584352C0D09C100979229 /* LaunchScreen.storyboard in Resources */ = {isa = PBXBuildFile; fileRef = DE0F2774027C6AA6231CE2FB /* LaunchScreen.storyboard */; };
		52C584362C0D09C100979229 /* Movies.json in Resources */ = {isa = PBXBuildFile; fileRef = 52C584082C0D034700979229 /* Movies.json */; };
		52C584372C0D09C100979229 /* Main.storyboard in Resources */ = {isa = PBXBuildFile; fileRef = CF4F91FB60CB2F34484A4A6F /* Main.storyboard */; };
		52C584392C0D09C100979229 /* KeychainSwift in Frameworks */ = {isa = PBXBuildFile; productRef = 52C5840D2C0D09C100979229 /* KeychainSwift */; };
		78FC6D53BD3F93DE85C47799 /* Main.storyboard in Resources */ = {isa = PBXBuildFile; fileRef = CF4F91FB60CB2F34484A4A6F /* Main.storyboard */; };
		864C850AEB21C36B313CEB60 /* MoviesData+CoreDataProperties.swift in Sources */ = {isa = PBXBuildFile; fileRef = A8F52E3BE64D1A3258CC16F1 /* MoviesData+CoreDataProperties.swift */; };
		8671D0CCF16A96A7106C401A /* NetworkService.swift in Sources */ = {isa = PBXBuildFile; fileRef = 5242D8E75CEC82EAB59E02C1 /* NetworkService.swift */; };
		86B7C1E6F695940B1D35D99D /* DocDto.swift in Sources */ = {isa = PBXBuildFile; fileRef = 282D21AC3953E159471CA33C /* DocDto.swift */; };
		8935C732B064D1DA1FCBA198 /* LoadingData.swift in Sources */ = {isa = PBXBuildFile; fileRef = A7ECCD39B19122315087D6BB /* LoadingData.swift */; };
		964E9E5707A2B10F9CBA9064 /* SimilarMoviesDto.swift in Sources */ = {isa = PBXBuildFile; fileRef = 973ED37B1354F24C7AC0C976 /* SimilarMoviesDto.swift */; };
		A0F1D3F916ADC0A06CA08BB1 /* DetailMovie.swift in Sources */ = {isa = PBXBuildFile; fileRef = D74FC331C3E27302FECA95C3 /* DetailMovie.swift */; };
		AB12669F3F2FCEDA1AB20FAB /* UIColor + Extension.swift in Sources */ = {isa = PBXBuildFile; fileRef = 7A5AE68C6B39F3EB013F101B /* UIColor + Extension.swift */; };
		B02DE9B25BE39D8E1DE32501 /* UIImage + Extension.swift in Sources */ = {isa = PBXBuildFile; fileRef = 7E4F2D167EFECA8319DEC441 /* UIImage + Extension.swift */; };
		B831737D43AD2A69F52D27C5 /* ShimmerLayer.swift in Sources */ = {isa = PBXBuildFile; fileRef = 31A7D073A6C7B00F0035F8BC /* ShimmerLayer.swift */; };
		B86C8CC21CB8A78119D979B9 /* MoviesViewPresenter.swift in Sources */ = {isa = PBXBuildFile; fileRef = 8B6FEA90578953DC58FA7D6F /* MoviesViewPresenter.swift */; };
		B9D056D23262B21B4FF6EAE8 /* SimilarMovie.swift in Sources */ = {isa = PBXBuildFile; fileRef = 6FC84F7DD23BA62261B15183 /* SimilarMovie.swift */; };
		B9EAF2E23CAF002E558D8EF7 /* Movie.swift in Sources */ = {isa = PBXBuildFile; fileRef = E90E6BA53DDD960B670239A7 /* Movie.swift */; };
		C61641AF136BA728BEBA8320 /* DetailMoviesData+CoreDataClass.swift in Sources */ = {isa = PBXBuildFile; fileRef = AFF13A9396ECA1E5F0A69901 /* DetailMoviesData+CoreDataClass.swift */; };
		CCC7B81E0465250C61A7B299 /* Actor.swift in Sources */ = {isa = PBXBuildFile; fileRef = 38BE953DA4915FC2B66B33E1 /* Actor.swift */; };
		D2C6A99B43FCDFFD404C44DE /* DetailMoviesData+CoreDataProperties.swift in Sources */ = {isa = PBXBuildFile; fileRef = 5C7DA7413B8A8FA6C6CCE40C /* DetailMoviesData+CoreDataProperties.swift */; };
		E2609511ABB619AB62926256 /* IdentifireSaver.swift in Sources */ = {isa = PBXBuildFile; fileRef = DFD8EE45C259B2D9EACBDD45 /* IdentifireSaver.swift */; };
		E267212BDF6C83B85AFE1803 /* QuestionResource.swift in Sources */ = {isa = PBXBuildFile; fileRef = EF2A0CB9EE22A943B9E92380 /* QuestionResource.swift */; };
		E788E97669CFB7AC1FA0AED3 /* ActorDto.swift in Sources */ = {isa = PBXBuildFile; fileRef = 9C43320A8A2C5CE4B22C227D /* ActorDto.swift */; };
		EED5F8E83F3BF3E0D895DA24 /* KeychainSwift in Frameworks */ = {isa = PBXBuildFile; productRef = 7BBE875E27EE7B58ABB25A46 /* KeychainSwift */; };
		EFC0CBAE1294431DAD7F8A3F /* DetailMovieDto.swift in Sources */ = {isa = PBXBuildFile; fileRef = 3242B5BF2FA40C941AA323DE /* DetailMovieDto.swift */; };
		F459C727DD911DA2086CF9FE /* MoviesData+CoreDataClass.swift in Sources */ = {isa = PBXBuildFile; fileRef = 455F9FDE504E49E4B6064DC9 /* MoviesData+CoreDataClass.swift */; };
/* End PBXBuildFile section */

/* Begin PBXContainerItemProxy section */
		52C583C42C0CA08700979229 /* PBXContainerItemProxy */ = {
			isa = PBXContainerItemProxy;
			containerPortal = 933396CF6CF40F18505BA9E7 /* Project object */;
			proxyType = 1;
			remoteGlobalIDString = 18B8DED73609A8259DCBEF8F;
			remoteInfo = CinemaStarApp;
		};
/* End PBXContainerItemProxy section */

/* Begin PBXFileReference section */
		189E6032AAF73A7E295F7C02 /* Base */ = {isa = PBXFileReference; lastKnownFileType = file.storyboard; name = Base; path = Base.lproj/Main.storyboard; sourceTree = "<group>"; };
		282D21AC3953E159471CA33C /* DocDto.swift */ = {isa = PBXFileReference; lastKnownFileType = sourcecode.swift; path = DocDto.swift; sourceTree = "<group>"; };
		288768A9395C29820D329672 /* CoreData.xcdatamodel */ = {isa = PBXFileReference; lastKnownFileType = wrapper.xcdatamodel; path = CoreData.xcdatamodel; sourceTree = "<group>"; };
		2C78837FBE556793192E35B5 /* Assets.xcassets */ = {isa = PBXFileReference; lastKnownFileType = folder.assetcatalog; path = Assets.xcassets; sourceTree = "<group>"; };
		31A7D073A6C7B00F0035F8BC /* ShimmerLayer.swift */ = {isa = PBXFileReference; lastKnownFileType = sourcecode.swift; path = ShimmerLayer.swift; sourceTree = "<group>"; };
		3242B5BF2FA40C941AA323DE /* DetailMovieDto.swift */ = {isa = PBXFileReference; lastKnownFileType = sourcecode.swift; path = DetailMovieDto.swift; sourceTree = "<group>"; };
		38BE953DA4915FC2B66B33E1 /* Actor.swift */ = {isa = PBXFileReference; lastKnownFileType = sourcecode.swift; path = Actor.swift; sourceTree = "<group>"; };
		397B97FD54528D128158817B /* WelcomeDto.swift */ = {isa = PBXFileReference; lastKnownFileType = sourcecode.swift; path = WelcomeDto.swift; sourceTree = "<group>"; };
		455F9FDE504E49E4B6064DC9 /* MoviesData+CoreDataClass.swift */ = {isa = PBXFileReference; lastKnownFileType = sourcecode.swift; path = "MoviesData+CoreDataClass.swift"; sourceTree = "<group>"; };
		46CD508692512E6B046A6158 /* DetailViewPresenter.swift */ = {isa = PBXFileReference; lastKnownFileType = sourcecode.swift; path = DetailViewPresenter.swift; sourceTree = "<group>"; };
		52273C732C05EE7700469084 /* MoviesView.swift */ = {isa = PBXFileReference; lastKnownFileType = sourcecode.swift; path = MoviesView.swift; sourceTree = "<group>"; };
		52273C752C0768C900469084 /* MoviesIteractor.swift */ = {isa = PBXFileReference; lastKnownFileType = sourcecode.swift; path = MoviesIteractor.swift; sourceTree = "<group>"; };
		52273C772C07C84000469084 /* MoviesRouter.swift */ = {isa = PBXFileReference; lastKnownFileType = sourcecode.swift; path = MoviesRouter.swift; sourceTree = "<group>"; };
		52273C792C07D2BC00469084 /* DetailView.swift */ = {isa = PBXFileReference; lastKnownFileType = sourcecode.swift; path = DetailView.swift; sourceTree = "<group>"; };
		5242D8E75CEC82EAB59E02C1 /* NetworkService.swift */ = {isa = PBXFileReference; lastKnownFileType = sourcecode.swift; path = NetworkService.swift; sourceTree = "<group>"; };
		52C583BA2C09E20700979229 /* ShimerModifier.swift */ = {isa = PBXFileReference; lastKnownFileType = sourcecode.swift; path = ShimerModifier.swift; sourceTree = "<group>"; };
		52C583C02C0CA08700979229 /* CinemaStarAppTests.xctest */ = {isa = PBXFileReference; explicitFileType = wrapper.cfbundle; includeInIndex = 0; path = CinemaStarAppTests.xctest; sourceTree = BUILT_PRODUCTS_DIR; };
		52C583C22C0CA08700979229 /* CinemaStarAppTests.swift */ = {isa = PBXFileReference; lastKnownFileType = sourcecode.swift; path = CinemaStarAppTests.swift; sourceTree = "<group>"; };
		52C583C92C0CA0C900979229 /* IteractorTests.swift */ = {isa = PBXFileReference; lastKnownFileType = sourcecode.swift; path = IteractorTests.swift; sourceTree = "<group>"; };
		52C583CB2C0CD0AA00979229 /* DetailRouter.swift */ = {isa = PBXFileReference; lastKnownFileType = sourcecode.swift; path = DetailRouter.swift; sourceTree = "<group>"; };
		52C583CD2C0CD0DF00979229 /* DetailIteractor.swift */ = {isa = PBXFileReference; lastKnownFileType = sourcecode.swift; path = DetailIteractor.swift; sourceTree = "<group>"; };
		52C584082C0D034700979229 /* Movies.json */ = {isa = PBXFileReference; lastKnownFileType = text.json; path = Movies.json; sourceTree = "<group>"; };
		52C5843D2C0D09C100979229 /* CinemaStarApp copy.app */ = {isa = PBXFileReference; explicitFileType = wrapper.application; includeInIndex = 0; path = "CinemaStarApp copy.app"; sourceTree = BUILT_PRODUCTS_DIR; };
		52C5843E2C0D09C100979229 /* CinemaStarApp copy-Info.plist */ = {isa = PBXFileReference; lastKnownFileType = text.plist.xml; name = "CinemaStarApp copy-Info.plist"; path = "/Users/macbookpro/Desktop/Viper/CinemaStarApp/CinemaStarApp copy-Info.plist"; sourceTree = "<absolute>"; };
		5C7DA7413B8A8FA6C6CCE40C /* DetailMoviesData+CoreDataProperties.swift */ = {isa = PBXFileReference; lastKnownFileType = sourcecode.swift; path = "DetailMoviesData+CoreDataProperties.swift"; sourceTree = "<group>"; };
		6FC84F7DD23BA62261B15183 /* SimilarMovie.swift */ = {isa = PBXFileReference; lastKnownFileType = sourcecode.swift; path = SimilarMovie.swift; sourceTree = "<group>"; };
		71AE4D1AE1235B292BE57737 /* Base */ = {isa = PBXFileReference; lastKnownFileType = file.storyboard; name = Base; path = Base.lproj/LaunchScreen.storyboard; sourceTree = "<group>"; };
		7A5AE68C6B39F3EB013F101B /* UIColor + Extension.swift */ = {isa = PBXFileReference; lastKnownFileType = sourcecode.swift; path = "UIColor + Extension.swift"; sourceTree = "<group>"; };
		7E4F2D167EFECA8319DEC441 /* UIImage + Extension.swift */ = {isa = PBXFileReference; lastKnownFileType = sourcecode.swift; path = "UIImage + Extension.swift"; sourceTree = "<group>"; };
		89E951ECAD07A4DD945C4B1D /* SceneDelegate.swift */ = {isa = PBXFileReference; lastKnownFileType = sourcecode.swift; path = SceneDelegate.swift; sourceTree = "<group>"; };
		8B6FEA90578953DC58FA7D6F /* MoviesViewPresenter.swift */ = {isa = PBXFileReference; lastKnownFileType = sourcecode.swift; path = MoviesViewPresenter.swift; sourceTree = "<group>"; };
		973ED37B1354F24C7AC0C976 /* SimilarMoviesDto.swift */ = {isa = PBXFileReference; lastKnownFileType = sourcecode.swift; path = SimilarMoviesDto.swift; sourceTree = "<group>"; };
		9C43320A8A2C5CE4B22C227D /* ActorDto.swift */ = {isa = PBXFileReference; lastKnownFileType = sourcecode.swift; path = ActorDto.swift; sourceTree = "<group>"; };
		A7ECCD39B19122315087D6BB /* LoadingData.swift */ = {isa = PBXFileReference; lastKnownFileType = sourcecode.swift; path = LoadingData.swift; sourceTree = "<group>"; };
		A8F52E3BE64D1A3258CC16F1 /* MoviesData+CoreDataProperties.swift */ = {isa = PBXFileReference; lastKnownFileType = sourcecode.swift; path = "MoviesData+CoreDataProperties.swift"; sourceTree = "<group>"; };
		AFF13A9396ECA1E5F0A69901 /* DetailMoviesData+CoreDataClass.swift */ = {isa = PBXFileReference; lastKnownFileType = sourcecode.swift; path = "DetailMoviesData+CoreDataClass.swift"; sourceTree = "<group>"; };
		B21CA818A8BADD196B4A6E16 /* CinemaStarApp.app */ = {isa = PBXFileReference; explicitFileType = wrapper.application; includeInIndex = 0; path = CinemaStarApp.app; sourceTree = BUILT_PRODUCTS_DIR; };
		B3D268D09E375ECFCB3E1F59 /* StorageService.swift */ = {isa = PBXFileReference; lastKnownFileType = sourcecode.swift; path = StorageService.swift; sourceTree = "<group>"; };
		CBF8A8B728D1A679C2A414B7 /* Info.plist */ = {isa = PBXFileReference; lastKnownFileType = text.plist; path = Info.plist; sourceTree = "<group>"; };
		D74FC331C3E27302FECA95C3 /* DetailMovie.swift */ = {isa = PBXFileReference; lastKnownFileType = sourcecode.swift; path = DetailMovie.swift; sourceTree = "<group>"; };
		DFD8EE45C259B2D9EACBDD45 /* IdentifireSaver.swift */ = {isa = PBXFileReference; lastKnownFileType = sourcecode.swift; path = IdentifireSaver.swift; sourceTree = "<group>"; };
		E90E6BA53DDD960B670239A7 /* Movie.swift */ = {isa = PBXFileReference; lastKnownFileType = sourcecode.swift; path = Movie.swift; sourceTree = "<group>"; };
		EF2A0CB9EE22A943B9E92380 /* QuestionResource.swift */ = {isa = PBXFileReference; lastKnownFileType = sourcecode.swift; path = QuestionResource.swift; sourceTree = "<group>"; };
		FEA8F4ABAAF0248BCF16E38A /* AppDelegate.swift */ = {isa = PBXFileReference; lastKnownFileType = sourcecode.swift; path = AppDelegate.swift; sourceTree = "<group>"; };
/* End PBXFileReference section */

/* Begin PBXFrameworksBuildPhase section */
		52C583BD2C0CA08700979229 /* Frameworks */ = {
			isa = PBXFrameworksBuildPhase;
			buildActionMask = 2147483647;
			files = (
			);
			runOnlyForDeploymentPostprocessing = 0;
		};
		52C584382C0D09C100979229 /* Frameworks */ = {
			isa = PBXFrameworksBuildPhase;
			buildActionMask = 2147483647;
			files = (
				52C584392C0D09C100979229 /* KeychainSwift in Frameworks */,
			);
			runOnlyForDeploymentPostprocessing = 0;
		};
		FA1B9F85B4BD5CFCA73591CA /* Frameworks */ = {
			isa = PBXFrameworksBuildPhase;
			buildActionMask = 2147483647;
			files = (
				EED5F8E83F3BF3E0D895DA24 /* KeychainSwift in Frameworks */,
			);
			runOnlyForDeploymentPostprocessing = 0;
		};
/* End PBXFrameworksBuildPhase section */

/* Begin PBXGroup section */
		085CBF289AA0FA57E6BA5965 /* Extensions */ = {
			isa = PBXGroup;
			children = (
				7A5AE68C6B39F3EB013F101B /* UIColor + Extension.swift */,
				7E4F2D167EFECA8319DEC441 /* UIImage + Extension.swift */,
			);
			path = Extensions;
			sourceTree = "<group>";
		};
		0E0C5A2694915B4A1D6DE904 /* CinemaStarApp */ = {
			isa = PBXGroup;
			children = (
				CBF8A8B728D1A679C2A414B7 /* Info.plist */,
				17B667FE3EA611BB8EF96E79 /* App */,
				27C2C372EE7882C39F4331C9 /* CoreData */,
				92BC675EF004419E4EFA2049 /* DetailModule */,
				085CBF289AA0FA57E6BA5965 /* Extensions */,
				86D7E1D4868B40E53BAA7032 /* MoviesModule */,
				74D09C0BE321B756D03C348C /* NetworkService */,
				A33AA3452906C1819EC6B9AA /* ShimerLayer */,
				AEC0C1FFED259C82676838DA /* Sourses */,
				1F4D04236030A5FCB7735EB1 /* StoryBoards */,
				B5F1DAA03EAEACF559D15F1B /* UserDefaults */,
			);
			path = CinemaStarApp;
			sourceTree = "<group>";
		};
		13D7390E1E0B9CBF63B0A943 /* ViewModel */ = {
			isa = PBXGroup;
			children = (
				8B6FEA90578953DC58FA7D6F /* MoviesViewPresenter.swift */,
			);
			path = ViewModel;
			sourceTree = "<group>";
		};
		17B667FE3EA611BB8EF96E79 /* App */ = {
			isa = PBXGroup;
			children = (
				52C584072C0D023A00979229 /* Mock */,
				FEA8F4ABAAF0248BCF16E38A /* AppDelegate.swift */,
				89E951ECAD07A4DD945C4B1D /* SceneDelegate.swift */,
			);
			path = App;
			sourceTree = "<group>";
		};
		1E3B47CB7603A462DDCEA992 /* View */ = {
			isa = PBXGroup;
			children = (
				52273C732C05EE7700469084 /* MoviesView.swift */,
			);
			path = View;
			sourceTree = "<group>";
		};
		1F4D04236030A5FCB7735EB1 /* StoryBoards */ = {
			isa = PBXGroup;
			children = (
				DE0F2774027C6AA6231CE2FB /* LaunchScreen.storyboard */,
				CF4F91FB60CB2F34484A4A6F /* Main.storyboard */,
			);
			path = StoryBoards;
			sourceTree = "<group>";
		};
		21D6E7EED75C585384A2BB35 = {
			isa = PBXGroup;
			children = (
				0E0C5A2694915B4A1D6DE904 /* CinemaStarApp */,
				52C583C12C0CA08700979229 /* CinemaStarAppTests */,
				A9112AF25887B73D7BFA9285 /* Products */,
				52C5843E2C0D09C100979229 /* CinemaStarApp copy-Info.plist */,
			);
			sourceTree = "<group>";
		};
		27C2C372EE7882C39F4331C9 /* CoreData */ = {
			isa = PBXGroup;
			children = (
				01DAAFE73C0FB0F0779701C4 /* CoreData.xcdatamodeld */,
				AFF13A9396ECA1E5F0A69901 /* DetailMoviesData+CoreDataClass.swift */,
				5C7DA7413B8A8FA6C6CCE40C /* DetailMoviesData+CoreDataProperties.swift */,
				455F9FDE504E49E4B6064DC9 /* MoviesData+CoreDataClass.swift */,
				A8F52E3BE64D1A3258CC16F1 /* MoviesData+CoreDataProperties.swift */,
				B3D268D09E375ECFCB3E1F59 /* StorageService.swift */,
			);
			path = CoreData;
			sourceTree = "<group>";
		};
		38C849E097C4B014E83AAA9A /* View */ = {
			isa = PBXGroup;
			children = (
				52273C792C07D2BC00469084 /* DetailView.swift */,
			);
			path = View;
			sourceTree = "<group>";
		};
		4DCF0CBFD202EDB53B8E0E19 /* Presenter */ = {
			isa = PBXGroup;
			children = (
				46CD508692512E6B046A6158 /* DetailViewPresenter.swift */,
				52C583BA2C09E20700979229 /* ShimerModifier.swift */,
			);
			path = Presenter;
			sourceTree = "<group>";
		};
		52C583C12C0CA08700979229 /* CinemaStarAppTests */ = {
			isa = PBXGroup;
			children = (
				52C583C92C0CA0C900979229 /* IteractorTests.swift */,
				52C583C22C0CA08700979229 /* CinemaStarAppTests.swift */,
			);
			path = CinemaStarAppTests;
			sourceTree = "<group>";
		};
		52C583CF2C0CD12500979229 /* Iteractor */ = {
			isa = PBXGroup;
			children = (
				52C583CD2C0CD0DF00979229 /* DetailIteractor.swift */,
			);
			path = Iteractor;
			sourceTree = "<group>";
		};
		52C583D02C0CD13A00979229 /* Router */ = {
			isa = PBXGroup;
			children = (
				52C583CB2C0CD0AA00979229 /* DetailRouter.swift */,
			);
			path = Router;
			sourceTree = "<group>";
		};
		52C583D12C0CD17800979229 /* Iteractor */ = {
			isa = PBXGroup;
			children = (
				52273C752C0768C900469084 /* MoviesIteractor.swift */,
			);
			path = Iteractor;
			sourceTree = "<group>";
		};
		52C583D22C0CD18900979229 /* Router */ = {
			isa = PBXGroup;
			children = (
				52273C772C07C84000469084 /* MoviesRouter.swift */,
			);
			path = Router;
			sourceTree = "<group>";
		};
		52C584072C0D023A00979229 /* Mock */ = {
			isa = PBXGroup;
			children = (
				52C584082C0D034700979229 /* Movies.json */,
			);
			path = Mock;
			sourceTree = "<group>";
		};
		74D09C0BE321B756D03C348C /* NetworkService */ = {
			isa = PBXGroup;
			children = (
				E81192503C2578BC06C68D24 /* DetailDtos */,
				C64447726D2A822668A290C9 /* Services */,
			);
			path = NetworkService;
			sourceTree = "<group>";
		};
		86D7E1D4868B40E53BAA7032 /* MoviesModule */ = {
			isa = PBXGroup;
			children = (
				FFA4FC6EBECD9B834683E830 /* Model */,
				52C583D12C0CD17800979229 /* Iteractor */,
				52C583D22C0CD18900979229 /* Router */,
				1E3B47CB7603A462DDCEA992 /* View */,
				13D7390E1E0B9CBF63B0A943 /* ViewModel */,
			);
			path = MoviesModule;
			sourceTree = "<group>";
		};
		92BC675EF004419E4EFA2049 /* DetailModule */ = {
			isa = PBXGroup;
			children = (
				F7D2538A842B39FD8A4B4ABB /* Model */,
				38C849E097C4B014E83AAA9A /* View */,
				52C583CF2C0CD12500979229 /* Iteractor */,
				52C583D02C0CD13A00979229 /* Router */,
				4DCF0CBFD202EDB53B8E0E19 /* Presenter */,
			);
			path = DetailModule;
			sourceTree = "<group>";
		};
		A33AA3452906C1819EC6B9AA /* ShimerLayer */ = {
			isa = PBXGroup;
			children = (
				31A7D073A6C7B00F0035F8BC /* ShimmerLayer.swift */,
			);
			path = ShimerLayer;
			sourceTree = "<group>";
		};
		A9112AF25887B73D7BFA9285 /* Products */ = {
			isa = PBXGroup;
			children = (
				B21CA818A8BADD196B4A6E16 /* CinemaStarApp.app */,
				52C583C02C0CA08700979229 /* CinemaStarAppTests.xctest */,
				52C5843D2C0D09C100979229 /* CinemaStarApp copy.app */,
			);
			name = Products;
			sourceTree = "<group>";
		};
		AEC0C1FFED259C82676838DA /* Sourses */ = {
			isa = PBXGroup;
			children = (
				2C78837FBE556793192E35B5 /* Assets.xcassets */,
			);
			path = Sourses;
			sourceTree = "<group>";
		};
		B5F1DAA03EAEACF559D15F1B /* UserDefaults */ = {
			isa = PBXGroup;
			children = (
				DFD8EE45C259B2D9EACBDD45 /* IdentifireSaver.swift */,
			);
			path = UserDefaults;
			sourceTree = "<group>";
		};
		C64447726D2A822668A290C9 /* Services */ = {
			isa = PBXGroup;
			children = (
				5242D8E75CEC82EAB59E02C1 /* NetworkService.swift */,
				EF2A0CB9EE22A943B9E92380 /* QuestionResource.swift */,
			);
			path = Services;
			sourceTree = "<group>";
		};
		E81192503C2578BC06C68D24 /* DetailDtos */ = {
			isa = PBXGroup;
			children = (
				9C43320A8A2C5CE4B22C227D /* ActorDto.swift */,
				3242B5BF2FA40C941AA323DE /* DetailMovieDto.swift */,
				282D21AC3953E159471CA33C /* DocDto.swift */,
				973ED37B1354F24C7AC0C976 /* SimilarMoviesDto.swift */,
				397B97FD54528D128158817B /* WelcomeDto.swift */,
			);
			path = DetailDtos;
			sourceTree = "<group>";
		};
		F7D2538A842B39FD8A4B4ABB /* Model */ = {
			isa = PBXGroup;
			children = (
				38BE953DA4915FC2B66B33E1 /* Actor.swift */,
				D74FC331C3E27302FECA95C3 /* DetailMovie.swift */,
				6FC84F7DD23BA62261B15183 /* SimilarMovie.swift */,
			);
			path = Model;
			sourceTree = "<group>";
		};
		FFA4FC6EBECD9B834683E830 /* Model */ = {
			isa = PBXGroup;
			children = (
				A7ECCD39B19122315087D6BB /* LoadingData.swift */,
				E90E6BA53DDD960B670239A7 /* Movie.swift */,
			);
			path = Model;
			sourceTree = "<group>";
		};
/* End PBXGroup section */

/* Begin PBXNativeTarget section */
		18B8DED73609A8259DCBEF8F /* CinemaStarApp */ = {
			isa = PBXNativeTarget;
			buildConfigurationList = 4043BD9FABAAC9CB3174E39A /* Build configuration list for PBXNativeTarget "CinemaStarApp" */;
			buildPhases = (
				B2747494CDA2851653E92A57 /* Sources */,
				42E449F7722BBC651481E0C9 /* SwiftFormat */,
				F8B94014B8E3D57E6DC43927 /* SwiftLint */,
				2D86F2525F4AA39E4E52DC36 /* Resources */,
				FA1B9F85B4BD5CFCA73591CA /* Frameworks */,
			);
			buildRules = (
			);
			dependencies = (
			);
			name = CinemaStarApp;
			packageProductDependencies = (
				7BBE875E27EE7B58ABB25A46 /* KeychainSwift */,
			);
			productName = CinemaStarApp;
			productReference = B21CA818A8BADD196B4A6E16 /* CinemaStarApp.app */;
			productType = "com.apple.product-type.application";
		};
		52C583BF2C0CA08700979229 /* CinemaStarAppTests */ = {
			isa = PBXNativeTarget;
			buildConfigurationList = 52C583C62C0CA08700979229 /* Build configuration list for PBXNativeTarget "CinemaStarAppTests" */;
			buildPhases = (
				52C583BC2C0CA08700979229 /* Sources */,
				52C583BD2C0CA08700979229 /* Frameworks */,
				52C583BE2C0CA08700979229 /* Resources */,
			);
			buildRules = (
			);
			dependencies = (
				52C583C52C0CA08700979229 /* PBXTargetDependency */,
			);
			name = CinemaStarAppTests;
			productName = CinemaStarAppTests;
			productReference = 52C583C02C0CA08700979229 /* CinemaStarAppTests.xctest */;
			productType = "com.apple.product-type.bundle.unit-test";
		};
		52C5840C2C0D09C100979229 /* CinemaStarApp copy */ = {
			isa = PBXNativeTarget;
			buildConfigurationList = 52C5843A2C0D09C100979229 /* Build configuration list for PBXNativeTarget "CinemaStarApp copy" */;
			buildPhases = (
				52C5840F2C0D09C100979229 /* Sources */,
				52C584312C0D09C100979229 /* SwiftFormat */,
				52C584322C0D09C100979229 /* SwiftLint */,
				52C584332C0D09C100979229 /* Resources */,
				52C584382C0D09C100979229 /* Frameworks */,
			);
			buildRules = (
			);
			dependencies = (
			);
			name = "CinemaStarApp copy";
			packageProductDependencies = (
				52C5840D2C0D09C100979229 /* KeychainSwift */,
			);
			productName = CinemaStarApp;
			productReference = 52C5843D2C0D09C100979229 /* CinemaStarApp copy.app */;
			productType = "com.apple.product-type.application";
		};
/* End PBXNativeTarget section */

/* Begin PBXProject section */
		933396CF6CF40F18505BA9E7 /* Project object */ = {
			isa = PBXProject;
			attributes = {
				BuildIndependentTargetsInParallel = YES;
				LastSwiftUpdateCheck = 1420;
				LastUpgradeCheck = 1430;
				TargetAttributes = {
					52C583BF2C0CA08700979229 = {
						CreatedOnToolsVersion = 14.2;
						TestTargetID = 18B8DED73609A8259DCBEF8F;
					};
				};
			};
			buildConfigurationList = 67BE99F2DC011D86E031D169 /* Build configuration list for PBXProject "CinemaStarApp" */;
			compatibilityVersion = "Xcode 14.0";
			developmentRegion = en;
			hasScannedForEncodings = 0;
			knownRegions = (
				Base,
				en,
			);
			mainGroup = 21D6E7EED75C585384A2BB35;
			packageReferences = (
				41A5E89096C159A5F9C2BBCB /* XCRemoteSwiftPackageReference "keychain-swift" */,
			);
			projectDirPath = "";
			projectRoot = "";
			targets = (
				18B8DED73609A8259DCBEF8F /* CinemaStarApp */,
				52C583BF2C0CA08700979229 /* CinemaStarAppTests */,
				52C5840C2C0D09C100979229 /* CinemaStarApp copy */,
			);
		};
/* End PBXProject section */

/* Begin PBXResourcesBuildPhase section */
		2D86F2525F4AA39E4E52DC36 /* Resources */ = {
			isa = PBXResourcesBuildPhase;
			buildActionMask = 2147483647;
			files = (
				312F4CA11936018C1CA36270 /* Assets.xcassets in Resources */,
				2C8F36EC4B97BB631D8713FC /* LaunchScreen.storyboard in Resources */,
				52C584092C0D034700979229 /* Movies.json in Resources */,
				78FC6D53BD3F93DE85C47799 /* Main.storyboard in Resources */,
			);
			runOnlyForDeploymentPostprocessing = 0;
		};
		52C583BE2C0CA08700979229 /* Resources */ = {
			isa = PBXResourcesBuildPhase;
			buildActionMask = 2147483647;
			files = (
			);
			runOnlyForDeploymentPostprocessing = 0;
		};
		52C584332C0D09C100979229 /* Resources */ = {
			isa = PBXResourcesBuildPhase;
			buildActionMask = 2147483647;
			files = (
				52C584342C0D09C100979229 /* Assets.xcassets in Resources */,
				52C584352C0D09C100979229 /* LaunchScreen.storyboard in Resources */,
				52C584362C0D09C100979229 /* Movies.json in Resources */,
				52C584372C0D09C100979229 /* Main.storyboard in Resources */,
			);
			runOnlyForDeploymentPostprocessing = 0;
		};
/* End PBXResourcesBuildPhase section */

/* Begin PBXShellScriptBuildPhase section */
		42E449F7722BBC651481E0C9 /* SwiftFormat */ = {
			isa = PBXShellScriptBuildPhase;
			alwaysOutOfDate = 1;
			buildActionMask = 2147483647;
			files = (
			);
			inputFileListPaths = (
			);
			inputPaths = (
			);
			name = SwiftFormat;
			outputFileListPaths = (
			);
			outputPaths = (
			);
			runOnlyForDeploymentPostprocessing = 0;
			shellPath = /bin/sh;
			shellScript = "
";
			showEnvVarsInLog = 0;
		};
		52C584312C0D09C100979229 /* SwiftFormat */ = {
			isa = PBXShellScriptBuildPhase;
			alwaysOutOfDate = 1;
			buildActionMask = 2147483647;
			files = (
			);
			inputFileListPaths = (
			);
			inputPaths = (
			);
			name = SwiftFormat;
			outputFileListPaths = (
			);
			outputPaths = (
			);
			runOnlyForDeploymentPostprocessing = 0;
			shellPath = /bin/sh;
			shellScript = "
";
			showEnvVarsInLog = 0;
		};
		52C584322C0D09C100979229 /* SwiftLint */ = {
			isa = PBXShellScriptBuildPhase;
			alwaysOutOfDate = 1;
			buildActionMask = 2147483647;
			files = (
			);
			inputFileListPaths = (
			);
			inputPaths = (
			);
			name = SwiftLint;
			outputFileListPaths = (
			);
			outputPaths = (
			);
			runOnlyForDeploymentPostprocessing = 0;
			shellPath = /bin/sh;
			shellScript = "
";
			showEnvVarsInLog = 0;
		};
		F8B94014B8E3D57E6DC43927 /* SwiftLint */ = {
			isa = PBXShellScriptBuildPhase;
			alwaysOutOfDate = 1;
			buildActionMask = 2147483647;
			files = (
			);
			inputFileListPaths = (
			);
			inputPaths = (
			);
			name = SwiftLint;
			outputFileListPaths = (
			);
			outputPaths = (
			);
			runOnlyForDeploymentPostprocessing = 0;
			shellPath = /bin/sh;
			shellScript = "
";
			showEnvVarsInLog = 0;
		};
/* End PBXShellScriptBuildPhase section */

/* Begin PBXSourcesBuildPhase section */
		52C583BC2C0CA08700979229 /* Sources */ = {
			isa = PBXSourcesBuildPhase;
			buildActionMask = 2147483647;
			files = (
				52C583C32C0CA08700979229 /* CinemaStarAppTests.swift in Sources */,
				52C583D42C0CD26300979229 /* IteractorTests.swift in Sources */,
			);
			runOnlyForDeploymentPostprocessing = 0;
		};
		52C5840F2C0D09C100979229 /* Sources */ = {
			isa = PBXSourcesBuildPhase;
			buildActionMask = 2147483647;
			files = (
				52C584102C0D09C100979229 /* Actor.swift in Sources */,
				52C584112C0D09C100979229 /* ActorDto.swift in Sources */,
				52C584122C0D09C100979229 /* MoviesRouter.swift in Sources */,
				52C584132C0D09C100979229 /* AppDelegate.swift in Sources */,
				52C584142C0D09C100979229 /* CoreData.xcdatamodeld in Sources */,
				52C584152C0D09C100979229 /* DetailMovie.swift in Sources */,
				52C584162C0D09C100979229 /* DetailMovieDto.swift in Sources */,
				52C584172C0D09C100979229 /* DetailIteractor.swift in Sources */,
				52C584182C0D09C100979229 /* DetailMoviesData+CoreDataClass.swift in Sources */,
				52C584192C0D09C100979229 /* MoviesView.swift in Sources */,
				52C5841A2C0D09C100979229 /* DetailMoviesData+CoreDataProperties.swift in Sources */,
				52C5841B2C0D09C100979229 /* DetailViewPresenter.swift in Sources */,
				52C5841C2C0D09C100979229 /* DocDto.swift in Sources */,
				52C5841D2C0D09C100979229 /* IdentifireSaver.swift in Sources */,
				52C5841E2C0D09C100979229 /* LoadingData.swift in Sources */,
				52C5841F2C0D09C100979229 /* Movie.swift in Sources */,
				52C584202C0D09C100979229 /* MoviesData+CoreDataClass.swift in Sources */,
				52C584212C0D09C100979229 /* MoviesData+CoreDataProperties.swift in Sources */,
				52C584222C0D09C100979229 /* MoviesViewPresenter.swift in Sources */,
				52C584232C0D09C100979229 /* NetworkService.swift in Sources */,
				52C584242C0D09C100979229 /* DetailView.swift in Sources */,
				52C584252C0D09C100979229 /* QuestionResource.swift in Sources */,
				52C584262C0D09C100979229 /* ShimerModifier.swift in Sources */,
				52C584272C0D09C100979229 /* MoviesIteractor.swift in Sources */,
				52C584282C0D09C100979229 /* SceneDelegate.swift in Sources */,
				52C584292C0D09C100979229 /* ShimmerLayer.swift in Sources */,
				52C5842A2C0D09C100979229 /* SimilarMovie.swift in Sources */,
				52C5842B2C0D09C100979229 /* SimilarMoviesDto.swift in Sources */,
				52C5842C2C0D09C100979229 /* StorageService.swift in Sources */,
				52C5842D2C0D09C100979229 /* UIColor + Extension.swift in Sources */,
				52C5842E2C0D09C100979229 /* DetailRouter.swift in Sources */,
				52C5842F2C0D09C100979229 /* UIImage + Extension.swift in Sources */,
				52C584302C0D09C100979229 /* WelcomeDto.swift in Sources */,
			);
			runOnlyForDeploymentPostprocessing = 0;
		};
		B2747494CDA2851653E92A57 /* Sources */ = {
			isa = PBXSourcesBuildPhase;
			buildActionMask = 2147483647;
			files = (
				CCC7B81E0465250C61A7B299 /* Actor.swift in Sources */,
				E788E97669CFB7AC1FA0AED3 /* ActorDto.swift in Sources */,
				52273C782C07C84000469084 /* MoviesRouter.swift in Sources */,
				335C54F49EF9A12E798ED85A /* AppDelegate.swift in Sources */,
				4D3FB653B78D03783E2DFC32 /* CoreData.xcdatamodeld in Sources */,
				A0F1D3F916ADC0A06CA08BB1 /* DetailMovie.swift in Sources */,
				EFC0CBAE1294431DAD7F8A3F /* DetailMovieDto.swift in Sources */,
				52C583CE2C0CD0DF00979229 /* DetailIteractor.swift in Sources */,
				C61641AF136BA728BEBA8320 /* DetailMoviesData+CoreDataClass.swift in Sources */,
				52273C742C05EE7700469084 /* MoviesView.swift in Sources */,
				D2C6A99B43FCDFFD404C44DE /* DetailMoviesData+CoreDataProperties.swift in Sources */,
				07E2D191B9DD86FC3A756D01 /* DetailViewPresenter.swift in Sources */,
				86B7C1E6F695940B1D35D99D /* DocDto.swift in Sources */,
				E2609511ABB619AB62926256 /* IdentifireSaver.swift in Sources */,
				8935C732B064D1DA1FCBA198 /* LoadingData.swift in Sources */,
				B9EAF2E23CAF002E558D8EF7 /* Movie.swift in Sources */,
				F459C727DD911DA2086CF9FE /* MoviesData+CoreDataClass.swift in Sources */,
				864C850AEB21C36B313CEB60 /* MoviesData+CoreDataProperties.swift in Sources */,
				B86C8CC21CB8A78119D979B9 /* MoviesViewPresenter.swift in Sources */,
				8671D0CCF16A96A7106C401A /* NetworkService.swift in Sources */,
				52273C7A2C07D2BC00469084 /* DetailView.swift in Sources */,
				E267212BDF6C83B85AFE1803 /* QuestionResource.swift in Sources */,
				52C583BB2C09E20700979229 /* ShimerModifier.swift in Sources */,
				52273C762C0768C900469084 /* MoviesIteractor.swift in Sources */,
				0081E4D2604C73D0F9EC5A4E /* SceneDelegate.swift in Sources */,
				B831737D43AD2A69F52D27C5 /* ShimmerLayer.swift in Sources */,
				B9D056D23262B21B4FF6EAE8 /* SimilarMovie.swift in Sources */,
				964E9E5707A2B10F9CBA9064 /* SimilarMoviesDto.swift in Sources */,
				0D068E882346186AD0B734C1 /* StorageService.swift in Sources */,
				AB12669F3F2FCEDA1AB20FAB /* UIColor + Extension.swift in Sources */,
				52C583CC2C0CD0AA00979229 /* DetailRouter.swift in Sources */,
				B02DE9B25BE39D8E1DE32501 /* UIImage + Extension.swift in Sources */,
				1F83FBDFF9AEE1B62E11A79F /* WelcomeDto.swift in Sources */,
			);
			runOnlyForDeploymentPostprocessing = 0;
		};
/* End PBXSourcesBuildPhase section */

/* Begin PBXTargetDependency section */
		52C583C52C0CA08700979229 /* PBXTargetDependency */ = {
			isa = PBXTargetDependency;
			target = 18B8DED73609A8259DCBEF8F /* CinemaStarApp */;
			targetProxy = 52C583C42C0CA08700979229 /* PBXContainerItemProxy */;
		};
/* End PBXTargetDependency section */

/* Begin PBXVariantGroup section */
		CF4F91FB60CB2F34484A4A6F /* Main.storyboard */ = {
			isa = PBXVariantGroup;
			children = (
				189E6032AAF73A7E295F7C02 /* Base */,
			);
			name = Main.storyboard;
			sourceTree = "<group>";
		};
		DE0F2774027C6AA6231CE2FB /* LaunchScreen.storyboard */ = {
			isa = PBXVariantGroup;
			children = (
				71AE4D1AE1235B292BE57737 /* Base */,
			);
			name = LaunchScreen.storyboard;
			sourceTree = "<group>";
		};
/* End PBXVariantGroup section */

/* Begin XCBuildConfiguration section */
		02F89CE99D7019C7D0A2BA9E /* Release */ = {
			isa = XCBuildConfiguration;
			buildSettings = {
				ASSETCATALOG_COMPILER_APPICON_NAME = AppIcon;
				ASSETCATALOG_COMPILER_GENERATE_ASSET_SYMBOLS = YES;
				ASSETCATALOG_COMPILER_GENERATE_SWIFT_ASSET_SYMBOL_EXTENSIONS = YES;
				CODE_SIGN_IDENTITY = "iPhone Developer";
				CURRENT_PROJECT_VERSION = 1.0.0;
				DEVELOPMENT_TEAM = Z82WU235QF;
				ENABLE_USER_SCRIPT_SANDBOXING = NO;
				GENERATE_INFOPLIST_FILE = YES;
				INFOPLIST_FILE = CinemaStarApp/Info.plist;
				INFOPLIST_KEY_UILaunchScreen_Generation = YES;
				IPHONEOS_DEPLOYMENT_TARGET = 15.2;
				LD_RUNPATH_SEARCH_PATHS = (
					"$(inherited)",
					"@executable_path/Frameworks",
				);
				MARKETING_VERSION = 1;
				PRODUCT_BUNDLE_IDENTIFIER = com.bundleId.CinemaStarApp;
				SDKROOT = iphoneos;
				TARGETED_DEVICE_FAMILY = "1,2";
			};
			name = Release;
		};
		2ED61AB04C338DD8408356C5 /* Debug */ = {
			isa = XCBuildConfiguration;
			buildSettings = {
				ALWAYS_SEARCH_USER_PATHS = NO;
				CLANG_ANALYZER_NONNULL = YES;
				CLANG_ANALYZER_NUMBER_OBJECT_CONVERSION = YES_AGGRESSIVE;
				CLANG_CXX_LANGUAGE_STANDARD = "gnu++14";
				CLANG_CXX_LIBRARY = "libc++";
				CLANG_ENABLE_MODULES = YES;
				CLANG_ENABLE_OBJC_ARC = YES;
				CLANG_ENABLE_OBJC_WEAK = YES;
				CLANG_WARN_BLOCK_CAPTURE_AUTORELEASING = YES;
				CLANG_WARN_BOOL_CONVERSION = YES;
				CLANG_WARN_COMMA = YES;
				CLANG_WARN_CONSTANT_CONVERSION = YES;
				CLANG_WARN_DEPRECATED_OBJC_IMPLEMENTATIONS = YES;
				CLANG_WARN_DIRECT_OBJC_ISA_USAGE = YES_ERROR;
				CLANG_WARN_DOCUMENTATION_COMMENTS = YES;
				CLANG_WARN_EMPTY_BODY = YES;
				CLANG_WARN_ENUM_CONVERSION = YES;
				CLANG_WARN_INFINITE_RECURSION = YES;
				CLANG_WARN_INT_CONVERSION = YES;
				CLANG_WARN_NON_LITERAL_NULL_CONVERSION = YES;
				CLANG_WARN_OBJC_IMPLICIT_RETAIN_SELF = YES;
				CLANG_WARN_OBJC_LITERAL_CONVERSION = YES;
				CLANG_WARN_OBJC_ROOT_CLASS = YES_ERROR;
				CLANG_WARN_QUOTED_INCLUDE_IN_FRAMEWORK_HEADER = YES;
				CLANG_WARN_RANGE_LOOP_ANALYSIS = YES;
				CLANG_WARN_STRICT_PROTOTYPES = YES;
				CLANG_WARN_SUSPICIOUS_MOVE = YES;
				CLANG_WARN_UNGUARDED_AVAILABILITY = YES_AGGRESSIVE;
				CLANG_WARN_UNREACHABLE_CODE = YES;
				CLANG_WARN__DUPLICATE_METHOD_MATCH = YES;
				COPY_PHASE_STRIP = NO;
				DEBUG_INFORMATION_FORMAT = dwarf;
				ENABLE_STRICT_OBJC_MSGSEND = YES;
				ENABLE_TESTABILITY = YES;
				GCC_C_LANGUAGE_STANDARD = gnu11;
				GCC_DYNAMIC_NO_PIC = NO;
				GCC_NO_COMMON_BLOCKS = YES;
				GCC_OPTIMIZATION_LEVEL = 0;
				GCC_PREPROCESSOR_DEFINITIONS = (
					"$(inherited)",
					"DEBUG=1",
				);
				GCC_WARN_64_TO_32_BIT_CONVERSION = YES;
				GCC_WARN_ABOUT_RETURN_TYPE = YES_ERROR;
				GCC_WARN_UNDECLARED_SELECTOR = YES;
				GCC_WARN_UNINITIALIZED_AUTOS = YES_AGGRESSIVE;
				GCC_WARN_UNUSED_FUNCTION = YES;
				GCC_WARN_UNUSED_VARIABLE = YES;
				MTL_ENABLE_DEBUG_INFO = INCLUDE_SOURCE;
				MTL_FAST_MATH = YES;
				ONLY_ACTIVE_ARCH = YES;
				PRODUCT_NAME = "$(TARGET_NAME)";
				SDKROOT = iphoneos;
				SWIFT_ACTIVE_COMPILATION_CONDITIONS = DEBUG;
				SWIFT_OPTIMIZATION_LEVEL = "-Onone";
				SWIFT_VERSION = 5.0;
			};
			name = Debug;
		};
		52C583C72C0CA08700979229 /* Debug */ = {
			isa = XCBuildConfiguration;
			buildSettings = {
				BUNDLE_LOADER = "$(TEST_HOST)";
				CLANG_CXX_LANGUAGE_STANDARD = "gnu++20";
				CODE_SIGN_STYLE = Automatic;
				CURRENT_PROJECT_VERSION = 1;
				DEVELOPMENT_TEAM = Z82WU235QF;
				GCC_PREPROCESSOR_DEFINITIONS = (
					"DEBUG=1",
					"$(inherited)",
				);
				GENERATE_INFOPLIST_FILE = YES;
				IPHONEOS_DEPLOYMENT_TARGET = 16.2;
				MARKETING_VERSION = 1.0;
				PRODUCT_BUNDLE_IDENTIFIER = AntonS.CinemaStarAppTests;
				PRODUCT_NAME = "$(TARGET_NAME)";
				SWIFT_EMIT_LOC_STRINGS = NO;
				SWIFT_VERSION = 5.0;
				TARGETED_DEVICE_FAMILY = "1,2";
				TEST_HOST = "$(BUILT_PRODUCTS_DIR)/CinemaStarApp.app/$(BUNDLE_EXECUTABLE_FOLDER_PATH)/CinemaStarApp";
			};
			name = Debug;
		};
		52C583C82C0CA08700979229 /* Release */ = {
			isa = XCBuildConfiguration;
			buildSettings = {
				BUNDLE_LOADER = "$(TEST_HOST)";
				CLANG_CXX_LANGUAGE_STANDARD = "gnu++20";
				CODE_SIGN_STYLE = Automatic;
				CURRENT_PROJECT_VERSION = 1;
				DEVELOPMENT_TEAM = Z82WU235QF;
				GENERATE_INFOPLIST_FILE = YES;
				IPHONEOS_DEPLOYMENT_TARGET = 16.2;
				MARKETING_VERSION = 1.0;
				PRODUCT_BUNDLE_IDENTIFIER = AntonS.CinemaStarAppTests;
				PRODUCT_NAME = "$(TARGET_NAME)";
				SWIFT_EMIT_LOC_STRINGS = NO;
				SWIFT_VERSION = 5.0;
				TARGETED_DEVICE_FAMILY = "1,2";
				TEST_HOST = "$(BUILT_PRODUCTS_DIR)/CinemaStarApp.app/$(BUNDLE_EXECUTABLE_FOLDER_PATH)/CinemaStarApp";
				VALIDATE_PRODUCT = YES;
			};
			name = Release;
		};
		52C5843B2C0D09C100979229 /* Debug */ = {
			isa = XCBuildConfiguration;
			buildSettings = {
				ASSETCATALOG_COMPILER_APPICON_NAME = AppIcon;
				ASSETCATALOG_COMPILER_GENERATE_ASSET_SYMBOLS = YES;
				ASSETCATALOG_COMPILER_GENERATE_SWIFT_ASSET_SYMBOL_EXTENSIONS = YES;
				CODE_SIGN_IDENTITY = "iPhone Developer";
				CURRENT_PROJECT_VERSION = 1.0.0;
				DEVELOPMENT_TEAM = Z82WU235QF;
				ENABLE_USER_SCRIPT_SANDBOXING = NO;
				GENERATE_INFOPLIST_FILE = YES;
				INFOPLIST_FILE = "CinemaStarApp copy-Info.plist";
				INFOPLIST_KEY_UILaunchScreen_Generation = YES;
				IPHONEOS_DEPLOYMENT_TARGET = 15.2;
				LD_RUNPATH_SEARCH_PATHS = (
					"$(inherited)",
					"@executable_path/Frameworks",
				);
				MARKETING_VERSION = 1;
				OTHER_SWIFT_FLAGS = "-D Mock";
				PRODUCT_BUNDLE_IDENTIFIER = com.bundleId.CinemaStarApp;
				PRODUCT_NAME = "$(TARGET_NAME)";
				SDKROOT = iphoneos;
				TARGETED_DEVICE_FAMILY = "1,2";
			};
			name = Debug;
		};
		52C5843C2C0D09C100979229 /* Release */ = {
			isa = XCBuildConfiguration;
			buildSettings = {
				ASSETCATALOG_COMPILER_APPICON_NAME = AppIcon;
				ASSETCATALOG_COMPILER_GENERATE_ASSET_SYMBOLS = YES;
				ASSETCATALOG_COMPILER_GENERATE_SWIFT_ASSET_SYMBOL_EXTENSIONS = YES;
				CODE_SIGN_IDENTITY = "iPhone Developer";
				CURRENT_PROJECT_VERSION = 1.0.0;
				DEVELOPMENT_TEAM = Z82WU235QF;
				ENABLE_USER_SCRIPT_SANDBOXING = NO;
				GENERATE_INFOPLIST_FILE = YES;
				INFOPLIST_FILE = "CinemaStarApp copy-Info.plist";
				INFOPLIST_KEY_UILaunchScreen_Generation = YES;
				IPHONEOS_DEPLOYMENT_TARGET = 15.2;
				LD_RUNPATH_SEARCH_PATHS = (
					"$(inherited)",
					"@executable_path/Frameworks",
				);
				MARKETING_VERSION = 1;
				OTHER_SWIFT_FLAGS = "-D Mock";
				PRODUCT_BUNDLE_IDENTIFIER = com.bundleId.CinemaStarApp;
				PRODUCT_NAME = "$(TARGET_NAME)";
				SDKROOT = iphoneos;
				TARGETED_DEVICE_FAMILY = "1,2";
			};
			name = Release;
		};
		793A71456272CD99AF37C1A3 /* Release */ = {
			isa = XCBuildConfiguration;
			buildSettings = {
				ALWAYS_SEARCH_USER_PATHS = NO;
				CLANG_ANALYZER_NONNULL = YES;
				CLANG_ANALYZER_NUMBER_OBJECT_CONVERSION = YES_AGGRESSIVE;
				CLANG_CXX_LANGUAGE_STANDARD = "gnu++14";
				CLANG_CXX_LIBRARY = "libc++";
				CLANG_ENABLE_MODULES = YES;
				CLANG_ENABLE_OBJC_ARC = YES;
				CLANG_ENABLE_OBJC_WEAK = YES;
				CLANG_WARN_BLOCK_CAPTURE_AUTORELEASING = YES;
				CLANG_WARN_BOOL_CONVERSION = YES;
				CLANG_WARN_COMMA = YES;
				CLANG_WARN_CONSTANT_CONVERSION = YES;
				CLANG_WARN_DEPRECATED_OBJC_IMPLEMENTATIONS = YES;
				CLANG_WARN_DIRECT_OBJC_ISA_USAGE = YES_ERROR;
				CLANG_WARN_DOCUMENTATION_COMMENTS = YES;
				CLANG_WARN_EMPTY_BODY = YES;
				CLANG_WARN_ENUM_CONVERSION = YES;
				CLANG_WARN_INFINITE_RECURSION = YES;
				CLANG_WARN_INT_CONVERSION = YES;
				CLANG_WARN_NON_LITERAL_NULL_CONVERSION = YES;
				CLANG_WARN_OBJC_IMPLICIT_RETAIN_SELF = YES;
				CLANG_WARN_OBJC_LITERAL_CONVERSION = YES;
				CLANG_WARN_OBJC_ROOT_CLASS = YES_ERROR;
				CLANG_WARN_QUOTED_INCLUDE_IN_FRAMEWORK_HEADER = YES;
				CLANG_WARN_RANGE_LOOP_ANALYSIS = YES;
				CLANG_WARN_STRICT_PROTOTYPES = YES;
				CLANG_WARN_SUSPICIOUS_MOVE = YES;
				CLANG_WARN_UNGUARDED_AVAILABILITY = YES_AGGRESSIVE;
				CLANG_WARN_UNREACHABLE_CODE = YES;
				CLANG_WARN__DUPLICATE_METHOD_MATCH = YES;
				COPY_PHASE_STRIP = NO;
				DEBUG_INFORMATION_FORMAT = "dwarf-with-dsym";
				ENABLE_NS_ASSERTIONS = NO;
				ENABLE_STRICT_OBJC_MSGSEND = YES;
				GCC_C_LANGUAGE_STANDARD = gnu11;
				GCC_NO_COMMON_BLOCKS = YES;
				GCC_WARN_64_TO_32_BIT_CONVERSION = YES;
				GCC_WARN_ABOUT_RETURN_TYPE = YES_ERROR;
				GCC_WARN_UNDECLARED_SELECTOR = YES;
				GCC_WARN_UNINITIALIZED_AUTOS = YES_AGGRESSIVE;
				GCC_WARN_UNUSED_FUNCTION = YES;
				GCC_WARN_UNUSED_VARIABLE = YES;
				MTL_ENABLE_DEBUG_INFO = NO;
				MTL_FAST_MATH = YES;
				PRODUCT_NAME = "$(TARGET_NAME)";
				SDKROOT = iphoneos;
				SWIFT_COMPILATION_MODE = wholemodule;
				SWIFT_OPTIMIZATION_LEVEL = "-O";
				SWIFT_VERSION = 5.0;
			};
			name = Release;
		};
		C8FB4A47729E03275B10F2D3 /* Debug */ = {
			isa = XCBuildConfiguration;
			buildSettings = {
				ASSETCATALOG_COMPILER_APPICON_NAME = AppIcon;
				ASSETCATALOG_COMPILER_GENERATE_ASSET_SYMBOLS = YES;
				ASSETCATALOG_COMPILER_GENERATE_SWIFT_ASSET_SYMBOL_EXTENSIONS = YES;
				CODE_SIGN_IDENTITY = "iPhone Developer";
				CURRENT_PROJECT_VERSION = 1.0.0;
				DEVELOPMENT_TEAM = Z82WU235QF;
				ENABLE_USER_SCRIPT_SANDBOXING = NO;
				GENERATE_INFOPLIST_FILE = YES;
				INFOPLIST_FILE = CinemaStarApp/Info.plist;
				INFOPLIST_KEY_UILaunchScreen_Generation = YES;
				IPHONEOS_DEPLOYMENT_TARGET = 15.2;
				LD_RUNPATH_SEARCH_PATHS = (
					"$(inherited)",
					"@executable_path/Frameworks",
				);
				MARKETING_VERSION = 1;
				PRODUCT_BUNDLE_IDENTIFIER = com.bundleId.CinemaStarApp;
				SDKROOT = iphoneos;
				TARGETED_DEVICE_FAMILY = "1,2";
			};
			name = Debug;
		};
/* End XCBuildConfiguration section */

/* Begin XCConfigurationList section */
		4043BD9FABAAC9CB3174E39A /* Build configuration list for PBXNativeTarget "CinemaStarApp" */ = {
			isa = XCConfigurationList;
			buildConfigurations = (
				C8FB4A47729E03275B10F2D3 /* Debug */,
				02F89CE99D7019C7D0A2BA9E /* Release */,
			);
			defaultConfigurationIsVisible = 0;
			defaultConfigurationName = Debug;
		};
		52C583C62C0CA08700979229 /* Build configuration list for PBXNativeTarget "CinemaStarAppTests" */ = {
			isa = XCConfigurationList;
			buildConfigurations = (
				52C583C72C0CA08700979229 /* Debug */,
				52C583C82C0CA08700979229 /* Release */,
			);
			defaultConfigurationIsVisible = 0;
			defaultConfigurationName = Debug;
		};
		52C5843A2C0D09C100979229 /* Build configuration list for PBXNativeTarget "CinemaStarApp copy" */ = {
			isa = XCConfigurationList;
			buildConfigurations = (
				52C5843B2C0D09C100979229 /* Debug */,
				52C5843C2C0D09C100979229 /* Release */,
			);
			defaultConfigurationIsVisible = 0;
			defaultConfigurationName = Debug;
		};
		67BE99F2DC011D86E031D169 /* Build configuration list for PBXProject "CinemaStarApp" */ = {
			isa = XCConfigurationList;
			buildConfigurations = (
				2ED61AB04C338DD8408356C5 /* Debug */,
				793A71456272CD99AF37C1A3 /* Release */,
			);
			defaultConfigurationIsVisible = 0;
			defaultConfigurationName = Debug;
		};
/* End XCConfigurationList section */

/* Begin XCRemoteSwiftPackageReference section */
		41A5E89096C159A5F9C2BBCB /* XCRemoteSwiftPackageReference "keychain-swift" */ = {
			isa = XCRemoteSwiftPackageReference;
			repositoryURL = "https://github.com/evgenyneu/keychain-swift.git";
			requirement = {
				kind = upToNextMajorVersion;
				minimumVersion = 24.0.0;
			};
		};
		52C5840E2C0D09C100979229 /* XCRemoteSwiftPackageReference "keychain-swift" */ = {
			isa = XCRemoteSwiftPackageReference;
			repositoryURL = "https://github.com/evgenyneu/keychain-swift.git";
			requirement = {
				kind = upToNextMajorVersion;
				minimumVersion = 24.0.0;
			};
		};
/* End XCRemoteSwiftPackageReference section */

/* Begin XCSwiftPackageProductDependency section */
		52C5840D2C0D09C100979229 /* KeychainSwift */ = {
			isa = XCSwiftPackageProductDependency;
			package = 52C5840E2C0D09C100979229 /* XCRemoteSwiftPackageReference "keychain-swift" */;
			productName = KeychainSwift;
		};
		7BBE875E27EE7B58ABB25A46 /* KeychainSwift */ = {
			isa = XCSwiftPackageProductDependency;
			package = 41A5E89096C159A5F9C2BBCB /* XCRemoteSwiftPackageReference "keychain-swift" */;
			productName = KeychainSwift;
		};
/* End XCSwiftPackageProductDependency section */

/* Begin XCVersionGroup section */
		01DAAFE73C0FB0F0779701C4 /* CoreData.xcdatamodeld */ = {
			isa = XCVersionGroup;
			children = (
				288768A9395C29820D329672 /* CoreData.xcdatamodel */,
			);
			currentVersion = 288768A9395C29820D329672 /* CoreData.xcdatamodel */;
			path = CoreData.xcdatamodeld;
			sourceTree = "<group>";
			versionGroupType = wrapper.xcdatamodel;
		};
/* End XCVersionGroup section */
	};
	rootObject = 933396CF6CF40F18505BA9E7 /* Project object */;
}
